// !$*UTF8*$!
{
	archiveVersion = 1;
	classes = {
	};
	objectVersion = 54;
	objects = {

/* Begin PBXBuildFile section */
		00E356F31AD99517003FC87E /* LamSuiteAppTests.m in Sources */ = {isa = PBXBuildFile; fileRef = 00E356F21AD99517003FC87E /* LamSuiteAppTests.m */; };
		0A12A8357D5B4CA388F73CC1 /* PoppinsMedium.ttf in Resources */ = {isa = PBXBuildFile; fileRef = 255907B2B68647AEB4BCA646 /* PoppinsMedium.ttf */; };
		0C80B921A6F3F58F76C31292 /* libPods-LamSuiteApp.a in Frameworks */ = {isa = PBXBuildFile; fileRef = 5DCACB8F33CDC322A6C60F78 /* libPods-LamSuiteApp.a */; };
		13B07FBC1A68108700A75B9A /* AppDelegate.mm in Sources */ = {isa = PBXBuildFile; fileRef = 13B07FB01A68108700A75B9A /* AppDelegate.mm */; };
		13B07FBF1A68108700A75B9A /* Images.xcassets in Resources */ = {isa = PBXBuildFile; fileRef = 13B07FB51A68108700A75B9A /* Images.xcassets */; };
		13B07FC11A68108700A75B9A /* main.m in Sources */ = {isa = PBXBuildFile; fileRef = 13B07FB71A68108700A75B9A /* main.m */; };
		1741D1F1F8B643B2AAB383B1 /* phone.png in Resources */ = {isa = PBXBuildFile; fileRef = 6B6053125E3449DAB9B80E6E /* phone.png */; };
		188785FEE3AC456492A9F0DA /* profile.png in Resources */ = {isa = PBXBuildFile; fileRef = C6AE8D4AFCD149FCAA9B0C5A /* profile.png */; };
		2946170EBAAF44BFA3724309 /* arrow_thin.png in Resources */ = {isa = PBXBuildFile; fileRef = D9576734AADA49B48648F85D /* arrow_thin.png */; };
		4ED999B664234E2E9F5BE40E /* slider1.png in Resources */ = {isa = PBXBuildFile; fileRef = FA0B565D6E7B48149FC88EAE /* slider1.png */; };
		51BF7AE27B834F5F91F8DD11 /* imgbg.png in Resources */ = {isa = PBXBuildFile; fileRef = CF47134B11FC4BB4A9FF6863 /* imgbg.png */; };
		6FF6898AC972457380791C1C /* slider2.png in Resources */ = {isa = PBXBuildFile; fileRef = B0F34A9CA8344ABEAA2229BF /* slider2.png */; };
		75F25AF6EE4E4B8EB4B0E388 /* copany.png in Resources */ = {isa = PBXBuildFile; fileRef = 194066A426124F53B547D777 /* copany.png */; };
		7699B88040F8A987B510C191 /* libPods-LamSuiteApp-LamSuiteAppTests.a in Frameworks */ = {isa = PBXBuildFile; fileRef = 19F6CBCC0A4E27FBF8BF4A61 /* libPods-LamSuiteApp-LamSuiteAppTests.a */; };
		7FA61A3DA60E4592ACC43946 /* doc_upload.png in Resources */ = {isa = PBXBuildFile; fileRef = B0A22720FDFA45F8AD8EB07D /* doc_upload.png */; };
		81AB9BB82411601600AC10FF /* LaunchScreen.storyboard in Resources */ = {isa = PBXBuildFile; fileRef = 81AB9BB72411601600AC10FF /* LaunchScreen.storyboard */; };
		8784D9F4CBAC47EDB4B8FE9E /* check.png in Resources */ = {isa = PBXBuildFile; fileRef = 480F007B4683404D8B4B2DE0 /* check.png */; };
		8B64A36B90BA4A4EBCF3B94E /* email.png in Resources */ = {isa = PBXBuildFile; fileRef = 7D44328F69234A5D98F13FAC /* email.png */; };
		901D1AA1C9CF4D52A9B6BF4A /* PoppinsBold.ttf in Resources */ = {isa = PBXBuildFile; fileRef = 49BA77F3F34E414DA9C028ED /* PoppinsBold.ttf */; };
		9E8098335EA048A68B63882D /* arrow_tick.png in Resources */ = {isa = PBXBuildFile; fileRef = A28150FA6DB84FE7BD09F04D /* arrow_tick.png */; };
		AE503594E4AA4BF29AF9E8B1 /* slider3.png in Resources */ = {isa = PBXBuildFile; fileRef = 8DBC2E726DDC4C1B91A18915 /* slider3.png */; };
		B50F423B268F4DC1A1C9D005 /* PoppinsRegular.ttf in Resources */ = {isa = PBXBuildFile; fileRef = A23870E4704D47A3900BFD11 /* PoppinsRegular.ttf */; };
		C397BFC8791A4B7787586467 /* finserve_logo.png in Resources */ = {isa = PBXBuildFile; fileRef = BE1DEAC4339D4DF1BD927480 /* finserve_logo.png */; };
		C453E77BF4624BD7B31AB19B /* invest_icon.png in Resources */ = {isa = PBXBuildFile; fileRef = F6A679E077A24B1298BB2A80 /* invest_icon.png */; };
		C9EDE2EC28504F2995D31248 /* user.png in Resources */ = {isa = PBXBuildFile; fileRef = A8B6349EEFED4F2A882B441D /* user.png */; };
		CB2A2C756EF14B49B560F6AC /* savings_icon.png in Resources */ = {isa = PBXBuildFile; fileRef = 5A362DD0E8A8468ABD9D4474 /* savings_icon.png */; };
		DB39B2F8BD9A4E399355CF42 /* loans_icon.png in Resources */ = {isa = PBXBuildFile; fileRef = 0943D593FA6C42A983324104 /* loans_icon.png */; };
		DE3BA32A302F49F8BC2C6720 /* pay_icon.png in Resources */ = {isa = PBXBuildFile; fileRef = F01062D63439417B9E638451 /* pay_icon.png */; };
		E0C4FDBE26624DB794280C45 /* individual.png in Resources */ = {isa = PBXBuildFile; fileRef = 6C2FA74916814006B849742C /* individual.png */; };
		F60EC57FB0944B8CB13244B7 /* PoppinsSemiBold.ttf in Resources */ = {isa = PBXBuildFile; fileRef = 5D9BF86E7EBC45DFAB770E04 /* PoppinsSemiBold.ttf */; };
		F74B2DE0E0B746858E9A9E07 /* PoppinsLight.ttf in Resources */ = {isa = PBXBuildFile; fileRef = 96B2A7AAFB4B4C198EF8E088 /* PoppinsLight.ttf */; };
/* End PBXBuildFile section */

/* Begin PBXContainerItemProxy section */
		00E356F41AD99517003FC87E /* PBXContainerItemProxy */ = {
			isa = PBXContainerItemProxy;
			containerPortal = 83CBB9F71A601CBA00E9B192 /* Project object */;
			proxyType = 1;
			remoteGlobalIDString = 13B07F861A680F5B00A75B9A;
			remoteInfo = LamSuiteApp;
		};
/* End PBXContainerItemProxy section */

/* Begin PBXFileReference section */
		00E356EE1AD99517003FC87E /* LamSuiteAppTests.xctest */ = {isa = PBXFileReference; explicitFileType = wrapper.cfbundle; includeInIndex = 0; path = LamSuiteAppTests.xctest; sourceTree = BUILT_PRODUCTS_DIR; };
		00E356F11AD99517003FC87E /* Info.plist */ = {isa = PBXFileReference; lastKnownFileType = text.plist.xml; path = Info.plist; sourceTree = "<group>"; };
		00E356F21AD99517003FC87E /* LamSuiteAppTests.m */ = {isa = PBXFileReference; lastKnownFileType = sourcecode.c.objc; path = LamSuiteAppTests.m; sourceTree = "<group>"; };
		0943D593FA6C42A983324104 /* loans_icon.png */ = {isa = PBXFileReference; explicitFileType = undefined; fileEncoding = undefined; includeInIndex = 0; lastKnownFileType = unknown; name = loans_icon.png; path = ../src/assets/icons/loans_icon.png; sourceTree = "<group>"; };
		13B07F961A680F5B00A75B9A /* LamSuiteApp.app */ = {isa = PBXFileReference; explicitFileType = wrapper.application; includeInIndex = 0; path = LamSuiteApp.app; sourceTree = BUILT_PRODUCTS_DIR; };
		13B07FAF1A68108700A75B9A /* AppDelegate.h */ = {isa = PBXFileReference; fileEncoding = 4; lastKnownFileType = sourcecode.c.h; name = AppDelegate.h; path = LamSuiteApp/AppDelegate.h; sourceTree = "<group>"; };
		13B07FB01A68108700A75B9A /* AppDelegate.mm */ = {isa = PBXFileReference; fileEncoding = 4; lastKnownFileType = sourcecode.cpp.objcpp; name = AppDelegate.mm; path = LamSuiteApp/AppDelegate.mm; sourceTree = "<group>"; };
		13B07FB51A68108700A75B9A /* Images.xcassets */ = {isa = PBXFileReference; lastKnownFileType = folder.assetcatalog; name = Images.xcassets; path = LamSuiteApp/Images.xcassets; sourceTree = "<group>"; };
		13B07FB61A68108700A75B9A /* Info.plist */ = {isa = PBXFileReference; fileEncoding = 4; lastKnownFileType = text.plist.xml; name = Info.plist; path = LamSuiteApp/Info.plist; sourceTree = "<group>"; };
		13B07FB71A68108700A75B9A /* main.m */ = {isa = PBXFileReference; fileEncoding = 4; lastKnownFileType = sourcecode.c.objc; name = main.m; path = LamSuiteApp/main.m; sourceTree = "<group>"; };
		194066A426124F53B547D777 /* copany.png */ = {isa = PBXFileReference; explicitFileType = undefined; fileEncoding = undefined; includeInIndex = 0; lastKnownFileType = unknown; name = copany.png; path = ../src/assets/icons/copany.png; sourceTree = "<group>"; };
		19F6CBCC0A4E27FBF8BF4A61 /* libPods-LamSuiteApp-LamSuiteAppTests.a */ = {isa = PBXFileReference; explicitFileType = archive.ar; includeInIndex = 0; path = "libPods-LamSuiteApp-LamSuiteAppTests.a"; sourceTree = BUILT_PRODUCTS_DIR; };
		255907B2B68647AEB4BCA646 /* PoppinsMedium.ttf */ = {isa = PBXFileReference; explicitFileType = undefined; fileEncoding = undefined; includeInIndex = 0; lastKnownFileType = unknown; name = PoppinsMedium.ttf; path = ../src/assets/fonts/PoppinsMedium.ttf; sourceTree = "<group>"; };
		3B4392A12AC88292D35C810B /* Pods-LamSuiteApp.debug.xcconfig */ = {isa = PBXFileReference; includeInIndex = 1; lastKnownFileType = text.xcconfig; name = "Pods-LamSuiteApp.debug.xcconfig"; path = "Target Support Files/Pods-LamSuiteApp/Pods-LamSuiteApp.debug.xcconfig"; sourceTree = "<group>"; };
		480F007B4683404D8B4B2DE0 /* check.png */ = {isa = PBXFileReference; explicitFileType = undefined; fileEncoding = undefined; includeInIndex = 0; lastKnownFileType = unknown; name = check.png; path = ../src/assets/icons/check.png; sourceTree = "<group>"; };
		49BA77F3F34E414DA9C028ED /* PoppinsBold.ttf */ = {isa = PBXFileReference; explicitFileType = undefined; fileEncoding = undefined; includeInIndex = 0; lastKnownFileType = unknown; name = PoppinsBold.ttf; path = ../src/assets/fonts/PoppinsBold.ttf; sourceTree = "<group>"; };
		5709B34CF0A7D63546082F79 /* Pods-LamSuiteApp.release.xcconfig */ = {isa = PBXFileReference; includeInIndex = 1; lastKnownFileType = text.xcconfig; name = "Pods-LamSuiteApp.release.xcconfig"; path = "Target Support Files/Pods-LamSuiteApp/Pods-LamSuiteApp.release.xcconfig"; sourceTree = "<group>"; };
		5A362DD0E8A8468ABD9D4474 /* savings_icon.png */ = {isa = PBXFileReference; explicitFileType = undefined; fileEncoding = undefined; includeInIndex = 0; lastKnownFileType = unknown; name = savings_icon.png; path = ../src/assets/icons/savings_icon.png; sourceTree = "<group>"; };
		5B7EB9410499542E8C5724F5 /* Pods-LamSuiteApp-LamSuiteAppTests.debug.xcconfig */ = {isa = PBXFileReference; includeInIndex = 1; lastKnownFileType = text.xcconfig; name = "Pods-LamSuiteApp-LamSuiteAppTests.debug.xcconfig"; path = "Target Support Files/Pods-LamSuiteApp-LamSuiteAppTests/Pods-LamSuiteApp-LamSuiteAppTests.debug.xcconfig"; sourceTree = "<group>"; };
		5D9BF86E7EBC45DFAB770E04 /* PoppinsSemiBold.ttf */ = {isa = PBXFileReference; explicitFileType = undefined; fileEncoding = undefined; includeInIndex = 0; lastKnownFileType = unknown; name = PoppinsSemiBold.ttf; path = ../src/assets/fonts/PoppinsSemiBold.ttf; sourceTree = "<group>"; };
		5DCACB8F33CDC322A6C60F78 /* libPods-LamSuiteApp.a */ = {isa = PBXFileReference; explicitFileType = archive.ar; includeInIndex = 0; path = "libPods-LamSuiteApp.a"; sourceTree = BUILT_PRODUCTS_DIR; };
		6B6053125E3449DAB9B80E6E /* phone.png */ = {isa = PBXFileReference; explicitFileType = undefined; fileEncoding = undefined; includeInIndex = 0; lastKnownFileType = unknown; name = phone.png; path = ../src/assets/icons/phone.png; sourceTree = "<group>"; };
		6C2FA74916814006B849742C /* individual.png */ = {isa = PBXFileReference; explicitFileType = undefined; fileEncoding = undefined; includeInIndex = 0; lastKnownFileType = unknown; name = individual.png; path = ../src/assets/icons/individual.png; sourceTree = "<group>"; };
		7D44328F69234A5D98F13FAC /* email.png */ = {isa = PBXFileReference; explicitFileType = undefined; fileEncoding = undefined; includeInIndex = 0; lastKnownFileType = unknown; name = email.png; path = ../src/assets/icons/email.png; sourceTree = "<group>"; };
		81AB9BB72411601600AC10FF /* LaunchScreen.storyboard */ = {isa = PBXFileReference; fileEncoding = 4; lastKnownFileType = file.storyboard; name = LaunchScreen.storyboard; path = LamSuiteApp/LaunchScreen.storyboard; sourceTree = "<group>"; };
		89C6BE57DB24E9ADA2F236DE /* Pods-LamSuiteApp-LamSuiteAppTests.release.xcconfig */ = {isa = PBXFileReference; includeInIndex = 1; lastKnownFileType = text.xcconfig; name = "Pods-LamSuiteApp-LamSuiteAppTests.release.xcconfig"; path = "Target Support Files/Pods-LamSuiteApp-LamSuiteAppTests/Pods-LamSuiteApp-LamSuiteAppTests.release.xcconfig"; sourceTree = "<group>"; };
		8DBC2E726DDC4C1B91A18915 /* slider3.png */ = {isa = PBXFileReference; explicitFileType = undefined; fileEncoding = undefined; includeInIndex = 0; lastKnownFileType = unknown; name = slider3.png; path = ../src/assets/images/slider3.png; sourceTree = "<group>"; };
		96B2A7AAFB4B4C198EF8E088 /* PoppinsLight.ttf */ = {isa = PBXFileReference; explicitFileType = undefined; fileEncoding = undefined; includeInIndex = 0; lastKnownFileType = unknown; name = PoppinsLight.ttf; path = ../src/assets/fonts/PoppinsLight.ttf; sourceTree = "<group>"; };
		A23870E4704D47A3900BFD11 /* PoppinsRegular.ttf */ = {isa = PBXFileReference; explicitFileType = undefined; fileEncoding = undefined; includeInIndex = 0; lastKnownFileType = unknown; name = PoppinsRegular.ttf; path = ../src/assets/fonts/PoppinsRegular.ttf; sourceTree = "<group>"; };
		A28150FA6DB84FE7BD09F04D /* arrow_tick.png */ = {isa = PBXFileReference; explicitFileType = undefined; fileEncoding = undefined; includeInIndex = 0; lastKnownFileType = unknown; name = arrow_tick.png; path = ../src/assets/icons/arrow_tick.png; sourceTree = "<group>"; };
		A8B6349EEFED4F2A882B441D /* user.png */ = {isa = PBXFileReference; explicitFileType = undefined; fileEncoding = undefined; includeInIndex = 0; lastKnownFileType = unknown; name = user.png; path = ../src/assets/icons/user.png; sourceTree = "<group>"; };
		B0A22720FDFA45F8AD8EB07D /* doc_upload.png */ = {isa = PBXFileReference; explicitFileType = undefined; fileEncoding = undefined; includeInIndex = 0; lastKnownFileType = unknown; name = doc_upload.png; path = ../src/assets/icons/doc_upload.png; sourceTree = "<group>"; };
		B0F34A9CA8344ABEAA2229BF /* slider2.png */ = {isa = PBXFileReference; explicitFileType = undefined; fileEncoding = undefined; includeInIndex = 0; lastKnownFileType = unknown; name = slider2.png; path = ../src/assets/images/slider2.png; sourceTree = "<group>"; };
		BE1DEAC4339D4DF1BD927480 /* finserve_logo.png */ = {isa = PBXFileReference; explicitFileType = undefined; fileEncoding = undefined; includeInIndex = 0; lastKnownFileType = unknown; name = finserve_logo.png; path = ../src/assets/images/finserve_logo.png; sourceTree = "<group>"; };
		C6AE8D4AFCD149FCAA9B0C5A /* profile.png */ = {isa = PBXFileReference; explicitFileType = undefined; fileEncoding = undefined; includeInIndex = 0; lastKnownFileType = unknown; name = profile.png; path = ../src/assets/icons/profile.png; sourceTree = "<group>"; };
		CF47134B11FC4BB4A9FF6863 /* imgbg.png */ = {isa = PBXFileReference; explicitFileType = undefined; fileEncoding = undefined; includeInIndex = 0; lastKnownFileType = unknown; name = imgbg.png; path = ../src/assets/images/imgbg.png; sourceTree = "<group>"; };
		D9576734AADA49B48648F85D /* arrow_thin.png */ = {isa = PBXFileReference; explicitFileType = undefined; fileEncoding = undefined; includeInIndex = 0; lastKnownFileType = unknown; name = arrow_thin.png; path = ../src/assets/icons/arrow_thin.png; sourceTree = "<group>"; };
		ED297162215061F000B7C4FE /* JavaScriptCore.framework */ = {isa = PBXFileReference; lastKnownFileType = wrapper.framework; name = JavaScriptCore.framework; path = System/Library/Frameworks/JavaScriptCore.framework; sourceTree = SDKROOT; };
		F01062D63439417B9E638451 /* pay_icon.png */ = {isa = PBXFileReference; explicitFileType = undefined; fileEncoding = undefined; includeInIndex = 0; lastKnownFileType = unknown; name = pay_icon.png; path = ../src/assets/icons/pay_icon.png; sourceTree = "<group>"; };
		F6A679E077A24B1298BB2A80 /* invest_icon.png */ = {isa = PBXFileReference; explicitFileType = undefined; fileEncoding = undefined; includeInIndex = 0; lastKnownFileType = unknown; name = invest_icon.png; path = ../src/assets/icons/invest_icon.png; sourceTree = "<group>"; };
		FA0B565D6E7B48149FC88EAE /* slider1.png */ = {isa = PBXFileReference; explicitFileType = undefined; fileEncoding = undefined; includeInIndex = 0; lastKnownFileType = unknown; name = slider1.png; path = ../src/assets/images/slider1.png; sourceTree = "<group>"; };
/* End PBXFileReference section */

/* Begin PBXFrameworksBuildPhase section */
		00E356EB1AD99517003FC87E /* Frameworks */ = {
			isa = PBXFrameworksBuildPhase;
			buildActionMask = 2147483647;
			files = (
				7699B88040F8A987B510C191 /* libPods-LamSuiteApp-LamSuiteAppTests.a in Frameworks */,
			);
			runOnlyForDeploymentPostprocessing = 0;
		};
		13B07F8C1A680F5B00A75B9A /* Frameworks */ = {
			isa = PBXFrameworksBuildPhase;
			buildActionMask = 2147483647;
			files = (
				0C80B921A6F3F58F76C31292 /* libPods-LamSuiteApp.a in Frameworks */,
			);
			runOnlyForDeploymentPostprocessing = 0;
		};
/* End PBXFrameworksBuildPhase section */

/* Begin PBXGroup section */
		00E356EF1AD99517003FC87E /* LamSuiteAppTests */ = {
			isa = PBXGroup;
			children = (
				00E356F21AD99517003FC87E /* LamSuiteAppTests.m */,
				00E356F01AD99517003FC87E /* Supporting Files */,
			);
			path = LamSuiteAppTests;
			sourceTree = "<group>";
		};
		00E356F01AD99517003FC87E /* Supporting Files */ = {
			isa = PBXGroup;
			children = (
				00E356F11AD99517003FC87E /* Info.plist */,
			);
			name = "Supporting Files";
			sourceTree = "<group>";
		};
		13B07FAE1A68108700A75B9A /* LamSuiteApp */ = {
			isa = PBXGroup;
			children = (
				13B07FAF1A68108700A75B9A /* AppDelegate.h */,
				13B07FB01A68108700A75B9A /* AppDelegate.mm */,
				13B07FB51A68108700A75B9A /* Images.xcassets */,
				13B07FB61A68108700A75B9A /* Info.plist */,
				81AB9BB72411601600AC10FF /* LaunchScreen.storyboard */,
				13B07FB71A68108700A75B9A /* main.m */,
			);
			name = LamSuiteApp;
			sourceTree = "<group>";
		};
		2D16E6871FA4F8E400B85C8A /* Frameworks */ = {
			isa = PBXGroup;
			children = (
				ED297162215061F000B7C4FE /* JavaScriptCore.framework */,
				5DCACB8F33CDC322A6C60F78 /* libPods-LamSuiteApp.a */,
				19F6CBCC0A4E27FBF8BF4A61 /* libPods-LamSuiteApp-LamSuiteAppTests.a */,
			);
			name = Frameworks;
			sourceTree = "<group>";
		};
		832341AE1AAA6A7D00B99B32 /* Libraries */ = {
			isa = PBXGroup;
			children = (
			);
			name = Libraries;
			sourceTree = "<group>";
		};
		83CBB9F61A601CBA00E9B192 = {
			isa = PBXGroup;
			children = (
				13B07FAE1A68108700A75B9A /* LamSuiteApp */,
				832341AE1AAA6A7D00B99B32 /* Libraries */,
				00E356EF1AD99517003FC87E /* LamSuiteAppTests */,
				83CBBA001A601CBA00E9B192 /* Products */,
				2D16E6871FA4F8E400B85C8A /* Frameworks */,
				BBD78D7AC51CEA395F1C20DB /* Pods */,
				8ECAB2F719C445988740DB80 /* Resources */,
			);
			indentWidth = 2;
			sourceTree = "<group>";
			tabWidth = 2;
			usesTabs = 0;
		};
		83CBBA001A601CBA00E9B192 /* Products */ = {
			isa = PBXGroup;
			children = (
				13B07F961A680F5B00A75B9A /* LamSuiteApp.app */,
				00E356EE1AD99517003FC87E /* LamSuiteAppTests.xctest */,
			);
			name = Products;
			sourceTree = "<group>";
		};
		8ECAB2F719C445988740DB80 /* Resources */ = {
			isa = PBXGroup;
			children = (
				49BA77F3F34E414DA9C028ED /* PoppinsBold.ttf */,
				96B2A7AAFB4B4C198EF8E088 /* PoppinsLight.ttf */,
				255907B2B68647AEB4BCA646 /* PoppinsMedium.ttf */,
				A23870E4704D47A3900BFD11 /* PoppinsRegular.ttf */,
				5D9BF86E7EBC45DFAB770E04 /* PoppinsSemiBold.ttf */,
				D9576734AADA49B48648F85D /* arrow_thin.png */,
				A28150FA6DB84FE7BD09F04D /* arrow_tick.png */,
				480F007B4683404D8B4B2DE0 /* check.png */,
				194066A426124F53B547D777 /* copany.png */,
				7D44328F69234A5D98F13FAC /* email.png */,
				6C2FA74916814006B849742C /* individual.png */,
				F6A679E077A24B1298BB2A80 /* invest_icon.png */,
				0943D593FA6C42A983324104 /* loans_icon.png */,
				F01062D63439417B9E638451 /* pay_icon.png */,
				6B6053125E3449DAB9B80E6E /* phone.png */,
				C6AE8D4AFCD149FCAA9B0C5A /* profile.png */,
				5A362DD0E8A8468ABD9D4474 /* savings_icon.png */,
				A8B6349EEFED4F2A882B441D /* user.png */,
				BE1DEAC4339D4DF1BD927480 /* finserve_logo.png */,
				CF47134B11FC4BB4A9FF6863 /* imgbg.png */,
				FA0B565D6E7B48149FC88EAE /* slider1.png */,
				B0F34A9CA8344ABEAA2229BF /* slider2.png */,
				8DBC2E726DDC4C1B91A18915 /* slider3.png */,
				B0A22720FDFA45F8AD8EB07D /* doc_upload.png */,
			);
			name = Resources;
			path = "";
			sourceTree = "<group>";
		};
		BBD78D7AC51CEA395F1C20DB /* Pods */ = {
			isa = PBXGroup;
			children = (
				3B4392A12AC88292D35C810B /* Pods-LamSuiteApp.debug.xcconfig */,
				5709B34CF0A7D63546082F79 /* Pods-LamSuiteApp.release.xcconfig */,
				5B7EB9410499542E8C5724F5 /* Pods-LamSuiteApp-LamSuiteAppTests.debug.xcconfig */,
				89C6BE57DB24E9ADA2F236DE /* Pods-LamSuiteApp-LamSuiteAppTests.release.xcconfig */,
			);
			path = Pods;
			sourceTree = "<group>";
		};
/* End PBXGroup section */

/* Begin PBXNativeTarget section */
		00E356ED1AD99517003FC87E /* LamSuiteAppTests */ = {
			isa = PBXNativeTarget;
			buildConfigurationList = 00E357021AD99517003FC87E /* Build configuration list for PBXNativeTarget "LamSuiteAppTests" */;
			buildPhases = (
				A55EABD7B0C7F3A422A6CC61 /* [CP] Check Pods Manifest.lock */,
				00E356EA1AD99517003FC87E /* Sources */,
				00E356EB1AD99517003FC87E /* Frameworks */,
				00E356EC1AD99517003FC87E /* Resources */,
				C59DA0FBD6956966B86A3779 /* [CP] Embed Pods Frameworks */,
				F6A41C54EA430FDDC6A6ED99 /* [CP] Copy Pods Resources */,
			);
			buildRules = (
			);
			dependencies = (
				00E356F51AD99517003FC87E /* PBXTargetDependency */,
			);
			name = LamSuiteAppTests;
			productName = LamSuiteAppTests;
			productReference = 00E356EE1AD99517003FC87E /* LamSuiteAppTests.xctest */;
			productType = "com.apple.product-type.bundle.unit-test";
		};
		13B07F861A680F5B00A75B9A /* LamSuiteApp */ = {
			isa = PBXNativeTarget;
			buildConfigurationList = 13B07F931A680F5B00A75B9A /* Build configuration list for PBXNativeTarget "LamSuiteApp" */;
			buildPhases = (
				C38B50BA6285516D6DCD4F65 /* [CP] Check Pods Manifest.lock */,
				13B07F871A680F5B00A75B9A /* Sources */,
				13B07F8C1A680F5B00A75B9A /* Frameworks */,
				13B07F8E1A680F5B00A75B9A /* Resources */,
				00DD1BFF1BD5951E006B06BC /* Bundle React Native code and images */,
				00EEFC60759A1932668264C0 /* [CP] Embed Pods Frameworks */,
				E235C05ADACE081382539298 /* [CP] Copy Pods Resources */,
			);
			buildRules = (
			);
			dependencies = (
			);
			name = LamSuiteApp;
			productName = LamSuiteApp;
			productReference = 13B07F961A680F5B00A75B9A /* LamSuiteApp.app */;
			productType = "com.apple.product-type.application";
		};
/* End PBXNativeTarget section */

/* Begin PBXProject section */
		83CBB9F71A601CBA00E9B192 /* Project object */ = {
			isa = PBXProject;
			attributes = {
				LastUpgradeCheck = 1210;
				TargetAttributes = {
					00E356ED1AD99517003FC87E = {
						CreatedOnToolsVersion = 6.2;
						TestTargetID = 13B07F861A680F5B00A75B9A;
					};
					13B07F861A680F5B00A75B9A = {
						LastSwiftMigration = 1120;
					};
				};
			};
			buildConfigurationList = 83CBB9FA1A601CBA00E9B192 /* Build configuration list for PBXProject "LamSuiteApp" */;
			compatibilityVersion = "Xcode 12.0";
			developmentRegion = en;
			hasScannedForEncodings = 0;
			knownRegions = (
				en,
				Base,
			);
			mainGroup = 83CBB9F61A601CBA00E9B192;
			productRefGroup = 83CBBA001A601CBA00E9B192 /* Products */;
			projectDirPath = "";
			projectRoot = "";
			targets = (
				13B07F861A680F5B00A75B9A /* LamSuiteApp */,
				00E356ED1AD99517003FC87E /* LamSuiteAppTests */,
			);
		};
/* End PBXProject section */

/* Begin PBXResourcesBuildPhase section */
		00E356EC1AD99517003FC87E /* Resources */ = {
			isa = PBXResourcesBuildPhase;
			buildActionMask = 2147483647;
			files = (
			);
			runOnlyForDeploymentPostprocessing = 0;
		};
		13B07F8E1A680F5B00A75B9A /* Resources */ = {
			isa = PBXResourcesBuildPhase;
			buildActionMask = 2147483647;
			files = (
				81AB9BB82411601600AC10FF /* LaunchScreen.storyboard in Resources */,
				13B07FBF1A68108700A75B9A /* Images.xcassets in Resources */,
				901D1AA1C9CF4D52A9B6BF4A /* PoppinsBold.ttf in Resources */,
				F74B2DE0E0B746858E9A9E07 /* PoppinsLight.ttf in Resources */,
				0A12A8357D5B4CA388F73CC1 /* PoppinsMedium.ttf in Resources */,
				B50F423B268F4DC1A1C9D005 /* PoppinsRegular.ttf in Resources */,
				F60EC57FB0944B8CB13244B7 /* PoppinsSemiBold.ttf in Resources */,
				2946170EBAAF44BFA3724309 /* arrow_thin.png in Resources */,
				9E8098335EA048A68B63882D /* arrow_tick.png in Resources */,
				8784D9F4CBAC47EDB4B8FE9E /* check.png in Resources */,
				75F25AF6EE4E4B8EB4B0E388 /* copany.png in Resources */,
				8B64A36B90BA4A4EBCF3B94E /* email.png in Resources */,
				E0C4FDBE26624DB794280C45 /* individual.png in Resources */,
				C453E77BF4624BD7B31AB19B /* invest_icon.png in Resources */,
				DB39B2F8BD9A4E399355CF42 /* loans_icon.png in Resources */,
				DE3BA32A302F49F8BC2C6720 /* pay_icon.png in Resources */,
				1741D1F1F8B643B2AAB383B1 /* phone.png in Resources */,
				188785FEE3AC456492A9F0DA /* profile.png in Resources */,
				CB2A2C756EF14B49B560F6AC /* savings_icon.png in Resources */,
				C9EDE2EC28504F2995D31248 /* user.png in Resources */,
				C397BFC8791A4B7787586467 /* finserve_logo.png in Resources */,
				51BF7AE27B834F5F91F8DD11 /* imgbg.png in Resources */,
				4ED999B664234E2E9F5BE40E /* slider1.png in Resources */,
				6FF6898AC972457380791C1C /* slider2.png in Resources */,
				AE503594E4AA4BF29AF9E8B1 /* slider3.png in Resources */,
				7FA61A3DA60E4592ACC43946 /* doc_upload.png in Resources */,
			);
			runOnlyForDeploymentPostprocessing = 0;
		};
/* End PBXResourcesBuildPhase section */

/* Begin PBXShellScriptBuildPhase section */
		00DD1BFF1BD5951E006B06BC /* Bundle React Native code and images */ = {
			isa = PBXShellScriptBuildPhase;
			buildActionMask = 2147483647;
			files = (
			);
			inputPaths = (
				"$(SRCROOT)/.xcode.env.local",
				"$(SRCROOT)/.xcode.env",
			);
			name = "Bundle React Native code and images";
			outputPaths = (
			);
			runOnlyForDeploymentPostprocessing = 0;
			shellPath = /bin/sh;
			shellScript = "set -e\n\nWITH_ENVIRONMENT=\"../node_modules/react-native/scripts/xcode/with-environment.sh\"\nREACT_NATIVE_XCODE=\"../node_modules/react-native/scripts/react-native-xcode.sh\"\n\n/bin/sh -c \"$WITH_ENVIRONMENT $REACT_NATIVE_XCODE\"\n";
		};
		00EEFC60759A1932668264C0 /* [CP] Embed Pods Frameworks */ = {
			isa = PBXShellScriptBuildPhase;
			buildActionMask = 2147483647;
			files = (
			);
			inputFileListPaths = (
				"${PODS_ROOT}/Target Support Files/Pods-LamSuiteApp/Pods-LamSuiteApp-frameworks-${CONFIGURATION}-input-files.xcfilelist",
			);
			name = "[CP] Embed Pods Frameworks";
			outputFileListPaths = (
				"${PODS_ROOT}/Target Support Files/Pods-LamSuiteApp/Pods-LamSuiteApp-frameworks-${CONFIGURATION}-output-files.xcfilelist",
			);
			runOnlyForDeploymentPostprocessing = 0;
			shellPath = /bin/sh;
			shellScript = "\"${PODS_ROOT}/Target Support Files/Pods-LamSuiteApp/Pods-LamSuiteApp-frameworks.sh\"\n";
			showEnvVarsInLog = 0;
		};
		A55EABD7B0C7F3A422A6CC61 /* [CP] Check Pods Manifest.lock */ = {
			isa = PBXShellScriptBuildPhase;
			buildActionMask = 2147483647;
			files = (
			);
			inputFileListPaths = (
			);
			inputPaths = (
				"${PODS_PODFILE_DIR_PATH}/Podfile.lock",
				"${PODS_ROOT}/Manifest.lock",
			);
			name = "[CP] Check Pods Manifest.lock";
			outputFileListPaths = (
			);
			outputPaths = (
				"$(DERIVED_FILE_DIR)/Pods-LamSuiteApp-LamSuiteAppTests-checkManifestLockResult.txt",
			);
			runOnlyForDeploymentPostprocessing = 0;
			shellPath = /bin/sh;
			shellScript = "diff \"${PODS_PODFILE_DIR_PATH}/Podfile.lock\" \"${PODS_ROOT}/Manifest.lock\" > /dev/null\nif [ $? != 0 ] ; then\n    # print error to STDERR\n    echo \"error: The sandbox is not in sync with the Podfile.lock. Run 'pod install' or update your CocoaPods installation.\" >&2\n    exit 1\nfi\n# This output is used by Xcode 'outputs' to avoid re-running this script phase.\necho \"SUCCESS\" > \"${SCRIPT_OUTPUT_FILE_0}\"\n";
			showEnvVarsInLog = 0;
		};
		C38B50BA6285516D6DCD4F65 /* [CP] Check Pods Manifest.lock */ = {
			isa = PBXShellScriptBuildPhase;
			buildActionMask = 2147483647;
			files = (
			);
			inputFileListPaths = (
			);
			inputPaths = (
				"${PODS_PODFILE_DIR_PATH}/Podfile.lock",
				"${PODS_ROOT}/Manifest.lock",
			);
			name = "[CP] Check Pods Manifest.lock";
			outputFileListPaths = (
			);
			outputPaths = (
				"$(DERIVED_FILE_DIR)/Pods-LamSuiteApp-checkManifestLockResult.txt",
			);
			runOnlyForDeploymentPostprocessing = 0;
			shellPath = /bin/sh;
			shellScript = "diff \"${PODS_PODFILE_DIR_PATH}/Podfile.lock\" \"${PODS_ROOT}/Manifest.lock\" > /dev/null\nif [ $? != 0 ] ; then\n    # print error to STDERR\n    echo \"error: The sandbox is not in sync with the Podfile.lock. Run 'pod install' or update your CocoaPods installation.\" >&2\n    exit 1\nfi\n# This output is used by Xcode 'outputs' to avoid re-running this script phase.\necho \"SUCCESS\" > \"${SCRIPT_OUTPUT_FILE_0}\"\n";
			showEnvVarsInLog = 0;
		};
		C59DA0FBD6956966B86A3779 /* [CP] Embed Pods Frameworks */ = {
			isa = PBXShellScriptBuildPhase;
			buildActionMask = 2147483647;
			files = (
			);
			inputFileListPaths = (
				"${PODS_ROOT}/Target Support Files/Pods-LamSuiteApp-LamSuiteAppTests/Pods-LamSuiteApp-LamSuiteAppTests-frameworks-${CONFIGURATION}-input-files.xcfilelist",
			);
			name = "[CP] Embed Pods Frameworks";
			outputFileListPaths = (
				"${PODS_ROOT}/Target Support Files/Pods-LamSuiteApp-LamSuiteAppTests/Pods-LamSuiteApp-LamSuiteAppTests-frameworks-${CONFIGURATION}-output-files.xcfilelist",
			);
			runOnlyForDeploymentPostprocessing = 0;
			shellPath = /bin/sh;
			shellScript = "\"${PODS_ROOT}/Target Support Files/Pods-LamSuiteApp-LamSuiteAppTests/Pods-LamSuiteApp-LamSuiteAppTests-frameworks.sh\"\n";
			showEnvVarsInLog = 0;
		};
		E235C05ADACE081382539298 /* [CP] Copy Pods Resources */ = {
			isa = PBXShellScriptBuildPhase;
			buildActionMask = 2147483647;
			files = (
			);
			inputFileListPaths = (
				"${PODS_ROOT}/Target Support Files/Pods-LamSuiteApp/Pods-LamSuiteApp-resources-${CONFIGURATION}-input-files.xcfilelist",
			);
			name = "[CP] Copy Pods Resources";
			outputFileListPaths = (
				"${PODS_ROOT}/Target Support Files/Pods-LamSuiteApp/Pods-LamSuiteApp-resources-${CONFIGURATION}-output-files.xcfilelist",
			);
			runOnlyForDeploymentPostprocessing = 0;
			shellPath = /bin/sh;
			shellScript = "\"${PODS_ROOT}/Target Support Files/Pods-LamSuiteApp/Pods-LamSuiteApp-resources.sh\"\n";
			showEnvVarsInLog = 0;
		};
		F6A41C54EA430FDDC6A6ED99 /* [CP] Copy Pods Resources */ = {
			isa = PBXShellScriptBuildPhase;
			buildActionMask = 2147483647;
			files = (
			);
			inputFileListPaths = (
				"${PODS_ROOT}/Target Support Files/Pods-LamSuiteApp-LamSuiteAppTests/Pods-LamSuiteApp-LamSuiteAppTests-resources-${CONFIGURATION}-input-files.xcfilelist",
			);
			name = "[CP] Copy Pods Resources";
			outputFileListPaths = (
				"${PODS_ROOT}/Target Support Files/Pods-LamSuiteApp-LamSuiteAppTests/Pods-LamSuiteApp-LamSuiteAppTests-resources-${CONFIGURATION}-output-files.xcfilelist",
			);
			runOnlyForDeploymentPostprocessing = 0;
			shellPath = /bin/sh;
			shellScript = "\"${PODS_ROOT}/Target Support Files/Pods-LamSuiteApp-LamSuiteAppTests/Pods-LamSuiteApp-LamSuiteAppTests-resources.sh\"\n";
			showEnvVarsInLog = 0;
		};
/* End PBXShellScriptBuildPhase section */

/* Begin PBXSourcesBuildPhase section */
		00E356EA1AD99517003FC87E /* Sources */ = {
			isa = PBXSourcesBuildPhase;
			buildActionMask = 2147483647;
			files = (
				00E356F31AD99517003FC87E /* LamSuiteAppTests.m in Sources */,
			);
			runOnlyForDeploymentPostprocessing = 0;
		};
		13B07F871A680F5B00A75B9A /* Sources */ = {
			isa = PBXSourcesBuildPhase;
			buildActionMask = 2147483647;
			files = (
				13B07FBC1A68108700A75B9A /* AppDelegate.mm in Sources */,
				13B07FC11A68108700A75B9A /* main.m in Sources */,
			);
			runOnlyForDeploymentPostprocessing = 0;
		};
/* End PBXSourcesBuildPhase section */

/* Begin PBXTargetDependency section */
		00E356F51AD99517003FC87E /* PBXTargetDependency */ = {
			isa = PBXTargetDependency;
			target = 13B07F861A680F5B00A75B9A /* LamSuiteApp */;
			targetProxy = 00E356F41AD99517003FC87E /* PBXContainerItemProxy */;
		};
/* End PBXTargetDependency section */

/* Begin XCBuildConfiguration section */
		00E356F61AD99517003FC87E /* Debug */ = {
			isa = XCBuildConfiguration;
			baseConfigurationReference = 5B7EB9410499542E8C5724F5 /* Pods-LamSuiteApp-LamSuiteAppTests.debug.xcconfig */;
			buildSettings = {
				BUNDLE_LOADER = "$(TEST_HOST)";
				GCC_PREPROCESSOR_DEFINITIONS = (
					"DEBUG=1",
					"$(inherited)",
				);
				INFOPLIST_FILE = LamSuiteAppTests/Info.plist;
				IPHONEOS_DEPLOYMENT_TARGET = 13.4;
				LD_RUNPATH_SEARCH_PATHS = (
					"$(inherited)",
					"@executable_path/Frameworks",
					"@loader_path/Frameworks",
				);
				OTHER_LDFLAGS = (
					"-ObjC",
					"-lc++",
					"$(inherited)",
				);
				PRODUCT_BUNDLE_IDENTIFIER = "org.reactjs.native.example.$(PRODUCT_NAME:rfc1034identifier)";
				PRODUCT_NAME = "$(TARGET_NAME)";
				TEST_HOST = "$(BUILT_PRODUCTS_DIR)/LamSuiteApp.app/LamSuiteApp";
			};
			name = Debug;
		};
		00E356F71AD99517003FC87E /* Release */ = {
			isa = XCBuildConfiguration;
			baseConfigurationReference = 89C6BE57DB24E9ADA2F236DE /* Pods-LamSuiteApp-LamSuiteAppTests.release.xcconfig */;
			buildSettings = {
				BUNDLE_LOADER = "$(TEST_HOST)";
				COPY_PHASE_STRIP = NO;
				INFOPLIST_FILE = LamSuiteAppTests/Info.plist;
				IPHONEOS_DEPLOYMENT_TARGET = 13.4;
				LD_RUNPATH_SEARCH_PATHS = (
					"$(inherited)",
					"@executable_path/Frameworks",
					"@loader_path/Frameworks",
				);
				OTHER_LDFLAGS = (
					"-ObjC",
					"-lc++",
					"$(inherited)",
				);
				PRODUCT_BUNDLE_IDENTIFIER = "org.reactjs.native.example.$(PRODUCT_NAME:rfc1034identifier)";
				PRODUCT_NAME = "$(TARGET_NAME)";
				TEST_HOST = "$(BUILT_PRODUCTS_DIR)/LamSuiteApp.app/LamSuiteApp";
			};
			name = Release;
		};
		13B07F941A680F5B00A75B9A /* Debug */ = {
			isa = XCBuildConfiguration;
			baseConfigurationReference = 3B4392A12AC88292D35C810B /* Pods-LamSuiteApp.debug.xcconfig */;
			buildSettings = {
				ASSETCATALOG_COMPILER_APPICON_NAME = AppIcon;
				CLANG_ENABLE_MODULES = YES;
				CURRENT_PROJECT_VERSION = 1;
				ENABLE_BITCODE = NO;
				INFOPLIST_FILE = LamSuiteApp/Info.plist;
				LD_RUNPATH_SEARCH_PATHS = (
					"$(inherited)",
					"@executable_path/Frameworks",
				);
				MARKETING_VERSION = 1.0;
				OTHER_LDFLAGS = (
					"$(inherited)",
					"-ObjC",
					"-lc++",
				);
				PRODUCT_BUNDLE_IDENTIFIER = "org.reactjs.native.example.$(PRODUCT_NAME:rfc1034identifier)";
				PRODUCT_NAME = LamSuiteApp;
				SWIFT_OPTIMIZATION_LEVEL = "-Onone";
				SWIFT_VERSION = 5.0;
				VERSIONING_SYSTEM = "apple-generic";
			};
			name = Debug;
		};
		13B07F951A680F5B00A75B9A /* Release */ = {
			isa = XCBuildConfiguration;
			baseConfigurationReference = 5709B34CF0A7D63546082F79 /* Pods-LamSuiteApp.release.xcconfig */;
			buildSettings = {
				ASSETCATALOG_COMPILER_APPICON_NAME = AppIcon;
				CLANG_ENABLE_MODULES = YES;
				CURRENT_PROJECT_VERSION = 1;
				INFOPLIST_FILE = LamSuiteApp/Info.plist;
				LD_RUNPATH_SEARCH_PATHS = (
					"$(inherited)",
					"@executable_path/Frameworks",
				);
				MARKETING_VERSION = 1.0;
				OTHER_LDFLAGS = (
					"$(inherited)",
					"-ObjC",
					"-lc++",
				);
				PRODUCT_BUNDLE_IDENTIFIER = "org.reactjs.native.example.$(PRODUCT_NAME:rfc1034identifier)";
				PRODUCT_NAME = LamSuiteApp;
				SWIFT_VERSION = 5.0;
				VERSIONING_SYSTEM = "apple-generic";
			};
			name = Release;
		};
		83CBBA201A601CBA00E9B192 /* Debug */ = {
			isa = XCBuildConfiguration;
			buildSettings = {
				ALWAYS_SEARCH_USER_PATHS = NO;
				CLANG_ANALYZER_LOCALIZABILITY_NONLOCALIZED = YES;
				CLANG_CXX_LANGUAGE_STANDARD = "c++20";
				CLANG_CXX_LIBRARY = "libc++";
				CLANG_ENABLE_MODULES = YES;
				CLANG_ENABLE_OBJC_ARC = YES;
				CLANG_WARN_BLOCK_CAPTURE_AUTORELEASING = YES;
				CLANG_WARN_BOOL_CONVERSION = YES;
				CLANG_WARN_COMMA = YES;
				CLANG_WARN_CONSTANT_CONVERSION = YES;
				CLANG_WARN_DEPRECATED_OBJC_IMPLEMENTATIONS = YES;
				CLANG_WARN_DIRECT_OBJC_ISA_USAGE = YES_ERROR;
				CLANG_WARN_EMPTY_BODY = YES;
				CLANG_WARN_ENUM_CONVERSION = YES;
				CLANG_WARN_INFINITE_RECURSION = YES;
				CLANG_WARN_INT_CONVERSION = YES;
				CLANG_WARN_NON_LITERAL_NULL_CONVERSION = YES;
				CLANG_WARN_OBJC_IMPLICIT_RETAIN_SELF = YES;
				CLANG_WARN_OBJC_LITERAL_CONVERSION = YES;
				CLANG_WARN_OBJC_ROOT_CLASS = YES_ERROR;
				CLANG_WARN_QUOTED_INCLUDE_IN_FRAMEWORK_HEADER = YES;
				CLANG_WARN_RANGE_LOOP_ANALYSIS = YES;
				CLANG_WARN_STRICT_PROTOTYPES = YES;
				CLANG_WARN_SUSPICIOUS_MOVE = YES;
				CLANG_WARN_UNREACHABLE_CODE = YES;
				CLANG_WARN__DUPLICATE_METHOD_MATCH = YES;
				"CODE_SIGN_IDENTITY[sdk=iphoneos*]" = "iPhone Developer";
				COPY_PHASE_STRIP = NO;
				ENABLE_STRICT_OBJC_MSGSEND = YES;
				ENABLE_TESTABILITY = YES;
				"EXCLUDED_ARCHS[sdk=iphonesimulator*]" = i386;
				GCC_C_LANGUAGE_STANDARD = gnu99;
				GCC_DYNAMIC_NO_PIC = NO;
				GCC_NO_COMMON_BLOCKS = YES;
				GCC_OPTIMIZATION_LEVEL = 0;
				GCC_PREPROCESSOR_DEFINITIONS = (
					"DEBUG=1",
					"$(inherited)",
				);
				GCC_SYMBOLS_PRIVATE_EXTERN = NO;
				GCC_WARN_64_TO_32_BIT_CONVERSION = YES;
				GCC_WARN_ABOUT_RETURN_TYPE = YES_ERROR;
				GCC_WARN_UNDECLARED_SELECTOR = YES;
				GCC_WARN_UNINITIALIZED_AUTOS = YES_AGGRESSIVE;
				GCC_WARN_UNUSED_FUNCTION = YES;
				GCC_WARN_UNUSED_VARIABLE = YES;
				IPHONEOS_DEPLOYMENT_TARGET = 13.4;
				LD_RUNPATH_SEARCH_PATHS = (
					/usr/lib/swift,
					"$(inherited)",
				);
				LIBRARY_SEARCH_PATHS = (
					"\"$(SDKROOT)/usr/lib/swift\"",
					"\"$(TOOLCHAIN_DIR)/usr/lib/swift/$(PLATFORM_NAME)\"",
					"\"$(inherited)\"",
				);
				MTL_ENABLE_DEBUG_INFO = YES;
				ONLY_ACTIVE_ARCH = YES;
				OTHER_CFLAGS = "$(inherited)";
				OTHER_CPLUSPLUSFLAGS = (
					"$(OTHER_CFLAGS)",
					"-DFOLLY_NO_CONFIG",
					"-DFOLLY_MOBILE=1",
					"-DFOLLY_USE_LIBCPP=1",
					"-DFOLLY_CFG_NO_COROUTINES=1",
				);
				OTHER_LDFLAGS = (
					"$(inherited)",
					"-Wl",
					"-ld_classic",
				);
				REACT_NATIVE_PATH = "${PODS_ROOT}/../../node_modules/react-native";
				SDKROOT = iphoneos;
				USE_HERMES = true;
			};
			name = Debug;
		};
		83CBBA211A601CBA00E9B192 /* Release */ = {
			isa = XCBuildConfiguration;
			buildSettings = {
				ALWAYS_SEARCH_USER_PATHS = NO;
				CLANG_ANALYZER_LOCALIZABILITY_NONLOCALIZED = YES;
				CLANG_CXX_LANGUAGE_STANDARD = "c++20";
				CLANG_CXX_LIBRARY = "libc++";
				CLANG_ENABLE_MODULES = YES;
				CLANG_ENABLE_OBJC_ARC = YES;
				CLANG_WARN_BLOCK_CAPTURE_AUTORELEASING = YES;
				CLANG_WARN_BOOL_CONVERSION = YES;
				CLANG_WARN_COMMA = YES;
				CLANG_WARN_CONSTANT_CONVERSION = YES;
				CLANG_WARN_DEPRECATED_OBJC_IMPLEMENTATIONS = YES;
				CLANG_WARN_DIRECT_OBJC_ISA_USAGE = YES_ERROR;
				CLANG_WARN_EMPTY_BODY = YES;
				CLANG_WARN_ENUM_CONVERSION = YES;
				CLANG_WARN_INFINITE_RECURSION = YES;
				CLANG_WARN_INT_CONVERSION = YES;
				CLANG_WARN_NON_LITERAL_NULL_CONVERSION = YES;
				CLANG_WARN_OBJC_IMPLICIT_RETAIN_SELF = YES;
				CLANG_WARN_OBJC_LITERAL_CONVERSION = YES;
				CLANG_WARN_OBJC_ROOT_CLASS = YES_ERROR;
				CLANG_WARN_QUOTED_INCLUDE_IN_FRAMEWORK_HEADER = YES;
				CLANG_WARN_RANGE_LOOP_ANALYSIS = YES;
				CLANG_WARN_STRICT_PROTOTYPES = YES;
				CLANG_WARN_SUSPICIOUS_MOVE = YES;
				CLANG_WARN_UNREACHABLE_CODE = YES;
				CLANG_WARN__DUPLICATE_METHOD_MATCH = YES;
				"CODE_SIGN_IDENTITY[sdk=iphoneos*]" = "iPhone Developer";
				COPY_PHASE_STRIP = YES;
				ENABLE_NS_ASSERTIONS = NO;
				ENABLE_STRICT_OBJC_MSGSEND = YES;
				"EXCLUDED_ARCHS[sdk=iphonesimulator*]" = i386;
				GCC_C_LANGUAGE_STANDARD = gnu99;
				GCC_NO_COMMON_BLOCKS = YES;
				GCC_WARN_64_TO_32_BIT_CONVERSION = YES;
				GCC_WARN_ABOUT_RETURN_TYPE = YES_ERROR;
				GCC_WARN_UNDECLARED_SELECTOR = YES;
				GCC_WARN_UNINITIALIZED_AUTOS = YES_AGGRESSIVE;
				GCC_WARN_UNUSED_FUNCTION = YES;
				GCC_WARN_UNUSED_VARIABLE = YES;
				IPHONEOS_DEPLOYMENT_TARGET = 13.4;
				LD_RUNPATH_SEARCH_PATHS = (
					/usr/lib/swift,
					"$(inherited)",
				);
				LIBRARY_SEARCH_PATHS = (
					"\"$(SDKROOT)/usr/lib/swift\"",
					"\"$(TOOLCHAIN_DIR)/usr/lib/swift/$(PLATFORM_NAME)\"",
					"\"$(inherited)\"",
				);
				MTL_ENABLE_DEBUG_INFO = NO;
				OTHER_CFLAGS = "$(inherited)";
				OTHER_CPLUSPLUSFLAGS = (
					"$(OTHER_CFLAGS)",
					"-DFOLLY_NO_CONFIG",
					"-DFOLLY_MOBILE=1",
					"-DFOLLY_USE_LIBCPP=1",
					"-DFOLLY_CFG_NO_COROUTINES=1",
				);
				OTHER_LDFLAGS = (
					"$(inherited)",
					"-Wl",
					"-ld_classic",
				);
				REACT_NATIVE_PATH = "${PODS_ROOT}/../../node_modules/react-native";
				SDKROOT = iphoneos;
				USE_HERMES = true;
				VALIDATE_PRODUCT = YES;
			};
			name = Release;
		};
/* End XCBuildConfiguration section */

/* Begin XCConfigurationList section */
		00E357021AD99517003FC87E /* Build configuration list for PBXNativeTarget "LamSuiteAppTests" */ = {
			isa = XCConfigurationList;
			buildConfigurations = (
				00E356F61AD99517003FC87E /* Debug */,
				00E356F71AD99517003FC87E /* Release */,
			);
			defaultConfigurationIsVisible = 0;
			defaultConfigurationName = Release;
		};
		13B07F931A680F5B00A75B9A /* Build configuration list for PBXNativeTarget "LamSuiteApp" */ = {
			isa = XCConfigurationList;
			buildConfigurations = (
				13B07F941A680F5B00A75B9A /* Debug */,
				13B07F951A680F5B00A75B9A /* Release */,
			);
			defaultConfigurationIsVisible = 0;
			defaultConfigurationName = Release;
		};
		83CBB9FA1A601CBA00E9B192 /* Build configuration list for PBXProject "LamSuiteApp" */ = {
			isa = XCConfigurationList;
			buildConfigurations = (
				83CBBA201A601CBA00E9B192 /* Debug */,
				83CBBA211A601CBA00E9B192 /* Release */,
			);
			defaultConfigurationIsVisible = 0;
			defaultConfigurationName = Release;
		};
/* End XCConfigurationList section */
	};
	rootObject = 83CBB9F71A601CBA00E9B192 /* Project object */;
}
